PODS:
  - Flutter (1.0.0)
  - walle_kit (2.0.0):
    - Flutter
    - walle_kit/vendor (= 2.0.0)
  - walle_kit/vendor (2.0.0):
    - Flutter

DEPENDENCIES:
  - Flutter (from `Flutter`)
  - walle_kit (from `.symlinks/plugins/walle_kit/ios`)

EXTERNAL SOURCES:
  Flutter:
    :path: Flutter
  walle_kit:
    :path: ".symlinks/plugins/walle_kit/ios"

SPEC CHECKSUMS:
  Flutter: 434fef37c0980e73bb6479ef766c45957d4b510c
  walle_kit: 551a9a0c4168eab071f00e5ab9d8501f037e2924

PODFILE CHECKSUM: 8e679eca47255a8ca8067c4c67aab20e64cb974d

COCOAPODS: 1.10.0
