PODS:
  - Flutter (1.0.0)
  - walle_kit (1.1.2):
    - Flutter
    - walle_kit/vendor (= 1.1.2)
  - walle_kit/vendor (1.1.2):
    - Flutter

DEPENDENCIES:
  - Flutter (from `Flutter`)
  - walle_kit (from `.symlinks/plugins/walle_kit/ios`)

EXTERNAL SOURCES:
  Flutter:
    :path: Flutter
  walle_kit:
    :path: ".symlinks/plugins/walle_kit/ios"

SPEC CHECKSUMS:
  Flutter: 434fef37c0980e73bb6479ef766c45957d4b510c
  walle_kit: 064d7165ed59b919c68149dcc7a95bdd35a1586a

PODFILE CHECKSUM: 8e679eca47255a8ca8067c4c67aab20e64cb974d

COCOAPODS: 1.10.0
