PODS:
  - Flutter (1.0.0)
  - walle_kit (1.1.2):
    - Flutter

DEPENDENCIES:
  - Flutter (from `Flutter`)
  - walle_kit (from `.symlinks/plugins/walle_kit/ios`)

EXTERNAL SOURCES:
  Flutter:
    :path: Flutter
  walle_kit:
    :path: ".symlinks/plugins/walle_kit/ios"

SPEC CHECKSUMS:
  Flutter: 0e3d915762c693b495b44d77113d4970485de6ec
  walle_kit: 1dde1b82021ab8dcdc254ccf76c9a28dbf37339e

PODFILE CHECKSUM: f32fb4e7c14f8b3ca19a369d7be425dd9241af27

COCOAPODS: 1.10.0
